
Microsoft Visual Studio Solution File, Format Version 12.00
# Visual Studio Version 17
VisualStudioVersion = 17.3.32825.248
MinimumVisualStudioVersion = 10.0.40219.1
Project("{FAE04EC0-301F-11D3-BF4B-00C04F79EFBC}") = "CustomAppAPI", "CustomAppAPI\CustomAppAPI.csproj", "{5D9DCFC8-FA5E-4966-95A9-D381EC43884B}"
EndProject
Global
	GlobalSection(SolutionConfigurationPlatforms) = preSolution
		Debug|Any CPU = Debug|Any CPU
		Release|Any CPU = Release|Any CPU
	EndGlobalSection
	GlobalSection(ProjectConfigurationPlatforms) = postSolution
		{5D9DCFC8-FA5E-4966-95A9-D381EC43884B}.Debug|Any CPU.ActiveCfg = Debug|Any CPU
		{5D9DCFC8-FA5E-4966-95A9-D381EC43884B}.Debug|Any CPU.Build.0 = Debug|Any CPU
		{5D9DCFC8-FA5E-4966-95A9-D381EC43884B}.Release|Any CPU.ActiveCfg = Release|Any CPU
		{5D9DCFC8-FA5E-4966-95A9-D381EC43884B}.Release|Any CPU.Build.0 = Release|Any CPU
	EndGlobalSection
	GlobalSection(SolutionProperties) = preSolution
		HideSolutionNode = FALSE
	EndGlobalSection
	GlobalSection(ExtensibilityGlobals) = postSolution
		SolutionGuid = {EA75E03C-FF57-450C-8338-DAF775A03EDD}
	EndGlobalSection
EndGlobal
